
Microsoft Visual Studio Solution File, Format Version 12.00
# Visual Studio Version 16
VisualStudioVersion = 25.0.1706.3
MinimumVisualStudioVersion = 10.0.40219.1
Project("{FAE04EC0-301F-11D3-BF4B-00C04F79EFBC}") = "customerapi", "customerapi.csproj", "{C0DC604A-C6A4-4EBE-8F3D-2C4ED6C20B1E}"
EndProject
Global
	GlobalSection(SolutionConfigurationPlatforms) = preSolution
		Debug|Any CPU = Debug|Any CPU
		Release|Any CPU = Release|Any CPU
	EndGlobalSection
	GlobalSection(ProjectConfigurationPlatforms) = postSolution
		{C0DC604A-C6A4-4EBE-8F3D-2C4ED6C20B1E}.Debug|Any CPU.ActiveCfg = Debug|Any CPU
		{C0DC604A-C6A4-4EBE-8F3D-2C4ED6C20B1E}.Debug|Any CPU.Build.0 = Debug|Any CPU
		{C0DC604A-C6A4-4EBE-8F3D-2C4ED6C20B1E}.Release|Any CPU.ActiveCfg = Release|Any CPU
		{C0DC604A-C6A4-4EBE-8F3D-2C4ED6C20B1E}.Release|Any CPU.Build.0 = Release|Any CPU
	EndGlobalSection
	GlobalSection(SolutionProperties) = preSolution
		HideSolutionNode = FALSE
	EndGlobalSection
	GlobalSection(ExtensibilityGlobals) = postSolution
		SolutionGuid = {3C048837-B891-4B7B-B792-2E344363C3C7}
	EndGlobalSection
EndGlobal
